// !$*UTF8*$!
{
	archiveVersion = 1;
	classes = {
	};
	objectVersion = 56;
	objects = {

/* Begin PBXBuildFile section */
		CA2660ED2AF04ADE004C2F27 /* AppDelegate.swift in Sources */ = {isa = PBXBuildFile; fileRef = CA2660EC2AF04ADE004C2F27 /* AppDelegate.swift */; };
		CA2660EF2AF04ADE004C2F27 /* SceneDelegate.swift in Sources */ = {isa = PBXBuildFile; fileRef = CA2660EE2AF04ADE004C2F27 /* SceneDelegate.swift */; };
		CA2660F12AF04ADE004C2F27 /* ViewController.swift in Sources */ = {isa = PBXBuildFile; fileRef = CA2660F02AF04ADE004C2F27 /* ViewController.swift */; };
		CA2660F42AF04ADE004C2F27 /* Main.storyboard in Resources */ = {isa = PBXBuildFile; fileRef = CA2660F22AF04ADE004C2F27 /* Main.storyboard */; };
		CA2660F62AF04AE2004C2F27 /* Assets.xcassets in Resources */ = {isa = PBXBuildFile; fileRef = CA2660F52AF04AE2004C2F27 /* Assets.xcassets */; };
		CA2660F92AF04AE2004C2F27 /* LaunchScreen.storyboard in Resources */ = {isa = PBXBuildFile; fileRef = CA2660F72AF04AE2004C2F27 /* LaunchScreen.storyboard */; };
		CA2661042AF04AE2004C2F27 /* I_am_poorTests.swift in Sources */ = {isa = PBXBuildFile; fileRef = CA2661032AF04AE2004C2F27 /* I_am_poorTests.swift */; };
		CA26610E2AF04AE2004C2F27 /* I_am_poorUITests.swift in Sources */ = {isa = PBXBuildFile; fileRef = CA26610D2AF04AE2004C2F27 /* I_am_poorUITests.swift */; };
		CA2661102AF04AE2004C2F27 /* I_am_poorUITestsLaunchTests.swift in Sources */ = {isa = PBXBuildFile; fileRef = CA26610F2AF04AE2004C2F27 /* I_am_poorUITestsLaunchTests.swift */; };
/* End PBXBuildFile section */

/* Begin PBXContainerItemProxy section */
		CA2661002AF04AE2004C2F27 /* PBXContainerItemProxy */ = {
			isa = PBXContainerItemProxy;
			containerPortal = CA2660E12AF04ADD004C2F27 /* Project object */;
			proxyType = 1;
			remoteGlobalIDString = CA2660E82AF04ADD004C2F27;
			remoteInfo = I_am_poor;
		};
		CA26610A2AF04AE2004C2F27 /* PBXContainerItemProxy */ = {
			isa = PBXContainerItemProxy;
			containerPortal = CA2660E12AF04ADD004C2F27 /* Project object */;
			proxyType = 1;
			remoteGlobalIDString = CA2660E82AF04ADD004C2F27;
			remoteInfo = I_am_poor;
		};
/* End PBXContainerItemProxy section */

/* Begin PBXFileReference section */
		CA2660E92AF04ADE004C2F27 /* I_am_poor.app */ = {isa = PBXFileReference; explicitFileType = wrapper.application; includeInIndex = 0; path = I_am_poor.app; sourceTree = BUILT_PRODUCTS_DIR; };
		CA2660EC2AF04ADE004C2F27 /* AppDelegate.swift */ = {isa = PBXFileReference; lastKnownFileType = sourcecode.swift; path = AppDelegate.swift; sourceTree = "<group>"; };
		CA2660EE2AF04ADE004C2F27 /* SceneDelegate.swift */ = {isa = PBXFileReference; lastKnownFileType = sourcecode.swift; path = SceneDelegate.swift; sourceTree = "<group>"; };
		CA2660F02AF04ADE004C2F27 /* ViewController.swift */ = {isa = PBXFileReference; lastKnownFileType = sourcecode.swift; path = ViewController.swift; sourceTree = "<group>"; };
		CA2660F32AF04ADE004C2F27 /* Base */ = {isa = PBXFileReference; lastKnownFileType = file.storyboard; name = Base; path = Base.lproj/Main.storyboard; sourceTree = "<group>"; };
		CA2660F52AF04AE2004C2F27 /* Assets.xcassets */ = {isa = PBXFileReference; lastKnownFileType = folder.assetcatalog; path = Assets.xcassets; sourceTree = "<group>"; };
		CA2660F82AF04AE2004C2F27 /* Base */ = {isa = PBXFileReference; lastKnownFileType = file.storyboard; name = Base; path = Base.lproj/LaunchScreen.storyboard; sourceTree = "<group>"; };
		CA2660FA2AF04AE2004C2F27 /* Info.plist */ = {isa = PBXFileReference; lastKnownFileType = text.plist.xml; path = Info.plist; sourceTree = "<group>"; };
		CA2660FF2AF04AE2004C2F27 /* I_am_poorTests.xctest */ = {isa = PBXFileReference; explicitFileType = wrapper.cfbundle; includeInIndex = 0; path = I_am_poorTests.xctest; sourceTree = BUILT_PRODUCTS_DIR; };
		CA2661032AF04AE2004C2F27 /* I_am_poorTests.swift */ = {isa = PBXFileReference; lastKnownFileType = sourcecode.swift; path = I_am_poorTests.swift; sourceTree = "<group>"; };
		CA2661092AF04AE2004C2F27 /* I_am_poorUITests.xctest */ = {isa = PBXFileReference; explicitFileType = wrapper.cfbundle; includeInIndex = 0; path = I_am_poorUITests.xctest; sourceTree = BUILT_PRODUCTS_DIR; };
		CA26610D2AF04AE2004C2F27 /* I_am_poorUITests.swift */ = {isa = PBXFileReference; lastKnownFileType = sourcecode.swift; path = I_am_poorUITests.swift; sourceTree = "<group>"; };
		CA26610F2AF04AE2004C2F27 /* I_am_poorUITestsLaunchTests.swift */ = {isa = PBXFileReference; lastKnownFileType = sourcecode.swift; path = I_am_poorUITestsLaunchTests.swift; sourceTree = "<group>"; };
/* End PBXFileReference section */

/* Begin PBXFrameworksBuildPhase section */
		CA2660E62AF04ADD004C2F27 /* Frameworks */ = {
			isa = PBXFrameworksBuildPhase;
			buildActionMask = 2147483647;
			files = (
			);
			runOnlyForDeploymentPostprocessing = 0;
		};
		CA2660FC2AF04AE2004C2F27 /* Frameworks */ = {
			isa = PBXFrameworksBuildPhase;
			buildActionMask = 2147483647;
			files = (
			);
			runOnlyForDeploymentPostprocessing = 0;
		};
		CA2661062AF04AE2004C2F27 /* Frameworks */ = {
			isa = PBXFrameworksBuildPhase;
			buildActionMask = 2147483647;
			files = (
			);
			runOnlyForDeploymentPostprocessing = 0;
		};
/* End PBXFrameworksBuildPhase section */

/* Begin PBXGroup section */
		CA2660E02AF04ADD004C2F27 = {
			isa = PBXGroup;
			children = (
				CA2660EB2AF04ADE004C2F27 /* I_am_poor */,
				CA2661022AF04AE2004C2F27 /* I_am_poorTests */,
				CA26610C2AF04AE2004C2F27 /* I_am_poorUITests */,
				CA2660EA2AF04ADE004C2F27 /* Products */,
			);
			sourceTree = "<group>";
		};
		CA2660EA2AF04ADE004C2F27 /* Products */ = {
			isa = PBXGroup;
			children = (
				CA2660E92AF04ADE004C2F27 /* I_am_poor.app */,
				CA2660FF2AF04AE2004C2F27 /* I_am_poorTests.xctest */,
				CA2661092AF04AE2004C2F27 /* I_am_poorUITests.xctest */,
			);
			name = Products;
			sourceTree = "<group>";
		};
		CA2660EB2AF04ADE004C2F27 /* I_am_poor */ = {
			isa = PBXGroup;
			children = (
				CA2660EC2AF04ADE004C2F27 /* AppDelegate.swift */,
				CA2660EE2AF04ADE004C2F27 /* SceneDelegate.swift */,
				CA2660F02AF04ADE004C2F27 /* ViewController.swift */,
				CA2660F22AF04ADE004C2F27 /* Main.storyboard */,
				CA2660F52AF04AE2004C2F27 /* Assets.xcassets */,
				CA2660F72AF04AE2004C2F27 /* LaunchScreen.storyboard */,
				CA2660FA2AF04AE2004C2F27 /* Info.plist */,
			);
			path = I_am_poor;
			sourceTree = "<group>";
		};
		CA2661022AF04AE2004C2F27 /* I_am_poorTests */ = {
			isa = PBXGroup;
			children = (
				CA2661032AF04AE2004C2F27 /* I_am_poorTests.swift */,
			);
			path = I_am_poorTests;
			sourceTree = "<group>";
		};
		CA26610C2AF04AE2004C2F27 /* I_am_poorUITests */ = {
			isa = PBXGroup;
			children = (
				CA26610D2AF04AE2004C2F27 /* I_am_poorUITests.swift */,
				CA26610F2AF04AE2004C2F27 /* I_am_poorUITestsLaunchTests.swift */,
			);
			path = I_am_poorUITests;
			sourceTree = "<group>";
		};
/* End PBXGroup section */

/* Begin PBXNativeTarget section */
		CA2660E82AF04ADD004C2F27 /* I_am_poor */ = {
			isa = PBXNativeTarget;
			buildConfigurationList = CA2661132AF04AE2004C2F27 /* Build configuration list for PBXNativeTarget "I_am_poor" */;
			buildPhases = (
				CA2660E52AF04ADD004C2F27 /* Sources */,
				CA2660E62AF04ADD004C2F27 /* Frameworks */,
				CA2660E72AF04ADD004C2F27 /* Resources */,
			);
			buildRules = (
			);
			dependencies = (
			);
			name = I_am_poor;
			productName = I_am_poor;
			productReference = CA2660E92AF04ADE004C2F27 /* I_am_poor.app */;
			productType = "com.apple.product-type.application";
		};
		CA2660FE2AF04AE2004C2F27 /* I_am_poorTests */ = {
			isa = PBXNativeTarget;
			buildConfigurationList = CA2661162AF04AE2004C2F27 /* Build configuration list for PBXNativeTarget "I_am_poorTests" */;
			buildPhases = (
				CA2660FB2AF04AE2004C2F27 /* Sources */,
				CA2660FC2AF04AE2004C2F27 /* Frameworks */,
				CA2660FD2AF04AE2004C2F27 /* Resources */,
			);
			buildRules = (
			);
			dependencies = (
				CA2661012AF04AE2004C2F27 /* PBXTargetDependency */,
			);
			name = I_am_poorTests;
			productName = I_am_poorTests;
			productReference = CA2660FF2AF04AE2004C2F27 /* I_am_poorTests.xctest */;
			productType = "com.apple.product-type.bundle.unit-test";
		};
		CA2661082AF04AE2004C2F27 /* I_am_poorUITests */ = {
			isa = PBXNativeTarget;
			buildConfigurationList = CA2661192AF04AE2004C2F27 /* Build configuration list for PBXNativeTarget "I_am_poorUITests" */;
			buildPhases = (
				CA2661052AF04AE2004C2F27 /* Sources */,
				CA2661062AF04AE2004C2F27 /* Frameworks */,
				CA2661072AF04AE2004C2F27 /* Resources */,
			);
			buildRules = (
			);
			dependencies = (
				CA26610B2AF04AE2004C2F27 /* PBXTargetDependency */,
			);
			name = I_am_poorUITests;
			productName = I_am_poorUITests;
			productReference = CA2661092AF04AE2004C2F27 /* I_am_poorUITests.xctest */;
			productType = "com.apple.product-type.bundle.ui-testing";
		};
/* End PBXNativeTarget section */

/* Begin PBXProject section */
		CA2660E12AF04ADD004C2F27 /* Project object */ = {
			isa = PBXProject;
			attributes = {
				BuildIndependentTargetsInParallel = 1;
				LastSwiftUpdateCheck = 1400;
				LastUpgradeCheck = 1400;
				TargetAttributes = {
					CA2660E82AF04ADD004C2F27 = {
						CreatedOnToolsVersion = 14.0;
					};
					CA2660FE2AF04AE2004C2F27 = {
						CreatedOnToolsVersion = 14.0;
						TestTargetID = CA2660E82AF04ADD004C2F27;
					};
					CA2661082AF04AE2004C2F27 = {
						CreatedOnToolsVersion = 14.0;
						TestTargetID = CA2660E82AF04ADD004C2F27;
					};
				};
			};
			buildConfigurationList = CA2660E42AF04ADD004C2F27 /* Build configuration list for PBXProject "I_am_poor" */;
			compatibilityVersion = "Xcode 14.0";
			developmentRegion = en;
			hasScannedForEncodings = 0;
			knownRegions = (
				en,
				Base,
			);
			mainGroup = CA2660E02AF04ADD004C2F27;
			productRefGroup = CA2660EA2AF04ADE004C2F27 /* Products */;
			projectDirPath = "";
			projectRoot = "";
			targets = (
				CA2660E82AF04ADD004C2F27 /* I_am_poor */,
				CA2660FE2AF04AE2004C2F27 /* I_am_poorTests */,
				CA2661082AF04AE2004C2F27 /* I_am_poorUITests */,
			);
		};
/* End PBXProject section */

/* Begin PBXResourcesBuildPhase section */
		CA2660E72AF04ADD004C2F27 /* Resources */ = {
			isa = PBXResourcesBuildPhase;
			buildActionMask = 2147483647;
			files = (
				CA2660F92AF04AE2004C2F27 /* LaunchScreen.storyboard in Resources */,
				CA2660F62AF04AE2004C2F27 /* Assets.xcassets in Resources */,
				CA2660F42AF04ADE004C2F27 /* Main.storyboard in Resources */,
			);
			runOnlyForDeploymentPostprocessing = 0;
		};
		CA2660FD2AF04AE2004C2F27 /* Resources */ = {
			isa = PBXResourcesBuildPhase;
			buildActionMask = 2147483647;
			files = (
			);
			runOnlyForDeploymentPostprocessing = 0;
		};
		CA2661072AF04AE2004C2F27 /* Resources */ = {
			isa = PBXResourcesBuildPhase;
			buildActionMask = 2147483647;
			files = (
			);
			runOnlyForDeploymentPostprocessing = 0;
		};
/* End PBXResourcesBuildPhase section */

/* Begin PBXSourcesBuildPhase section */
		CA2660E52AF04ADD004C2F27 /* Sources */ = {
			isa = PBXSourcesBuildPhase;
			buildActionMask = 2147483647;
			files = (
				CA2660F12AF04ADE004C2F27 /* ViewController.swift in Sources */,
				CA2660ED2AF04ADE004C2F27 /* AppDelegate.swift in Sources */,
				CA2660EF2AF04ADE004C2F27 /* SceneDelegate.swift in Sources */,
			);
			runOnlyForDeploymentPostprocessing = 0;
		};
		CA2660FB2AF04AE2004C2F27 /* Sources */ = {
			isa = PBXSourcesBuildPhase;
			buildActionMask = 2147483647;
			files = (
				CA2661042AF04AE2004C2F27 /* I_am_poorTests.swift in Sources */,
			);
			runOnlyForDeploymentPostprocessing = 0;
		};
		CA2661052AF04AE2004C2F27 /* Sources */ = {
			isa = PBXSourcesBuildPhase;
			buildActionMask = 2147483647;
			files = (
				CA2661102AF04AE2004C2F27 /* I_am_poorUITestsLaunchTests.swift in Sources */,
				CA26610E2AF04AE2004C2F27 /* I_am_poorUITests.swift in Sources */,
			);
			runOnlyForDeploymentPostprocessing = 0;
		};
/* End PBXSourcesBuildPhase section */

/* Begin PBXTargetDependency section */
		CA2661012AF04AE2004C2F27 /* PBXTargetDependency */ = {
			isa = PBXTargetDependency;
			target = CA2660E82AF04ADD004C2F27 /* I_am_poor */;
			targetProxy = CA2661002AF04AE2004C2F27 /* PBXContainerItemProxy */;
		};
		CA26610B2AF04AE2004C2F27 /* PBXTargetDependency */ = {
			isa = PBXTargetDependency;
			target = CA2660E82AF04ADD004C2F27 /* I_am_poor */;
			targetProxy = CA26610A2AF04AE2004C2F27 /* PBXContainerItemProxy */;
		};
/* End PBXTargetDependency section */

/* Begin PBXVariantGroup section */
		CA2660F22AF04ADE004C2F27 /* Main.storyboard */ = {
			isa = PBXVariantGroup;
			children = (
				CA2660F32AF04ADE004C2F27 /* Base */,
			);
			name = Main.storyboard;
			sourceTree = "<group>";
		};
		CA2660F72AF04AE2004C2F27 /* LaunchScreen.storyboard */ = {
			isa = PBXVariantGroup;
			children = (
				CA2660F82AF04AE2004C2F27 /* Base */,
			);
			name = LaunchScreen.storyboard;
			sourceTree = "<group>";
		};
/* End PBXVariantGroup section */

/* Begin XCBuildConfiguration section */
		CA2661112AF04AE2004C2F27 /* Debug */ = {
			isa = XCBuildConfiguration;
			buildSettings = {
				ALWAYS_SEARCH_USER_PATHS = NO;
				CLANG_ANALYZER_NONNULL = YES;
				CLANG_ANALYZER_NUMBER_OBJECT_CONVERSION = YES_AGGRESSIVE;
				CLANG_CXX_LANGUAGE_STANDARD = "gnu++20";
				CLANG_ENABLE_MODULES = YES;
				CLANG_ENABLE_OBJC_ARC = YES;
				CLANG_ENABLE_OBJC_WEAK = YES;
				CLANG_WARN_BLOCK_CAPTURE_AUTORELEASING = YES;
				CLANG_WARN_BOOL_CONVERSION = YES;
				CLANG_WARN_COMMA = YES;
				CLANG_WARN_CONSTANT_CONVERSION = YES;
				CLANG_WARN_DEPRECATED_OBJC_IMPLEMENTATIONS = YES;
				CLANG_WARN_DIRECT_OBJC_ISA_USAGE = YES_ERROR;
				CLANG_WARN_DOCUMENTATION_COMMENTS = YES;
				CLANG_WARN_EMPTY_BODY = YES;
				CLANG_WARN_ENUM_CONVERSION = YES;
				CLANG_WARN_INFINITE_RECURSION = YES;
				CLANG_WARN_INT_CONVERSION = YES;
				CLANG_WARN_NON_LITERAL_NULL_CONVERSION = YES;
				CLANG_WARN_OBJC_IMPLICIT_RETAIN_SELF = YES;
				CLANG_WARN_OBJC_LITERAL_CONVERSION = YES;
				CLANG_WARN_OBJC_ROOT_CLASS = YES_ERROR;
				CLANG_WARN_QUOTED_INCLUDE_IN_FRAMEWORK_HEADER = YES;
				CLANG_WARN_RANGE_LOOP_ANALYSIS = YES;
				CLANG_WARN_STRICT_PROTOTYPES = YES;
				CLANG_WARN_SUSPICIOUS_MOVE = YES;
				CLANG_WARN_UNGUARDED_AVAILABILITY = YES_AGGRESSIVE;
				CLANG_WARN_UNREACHABLE_CODE = YES;
				CLANG_WARN__DUPLICATE_METHOD_MATCH = YES;
				COPY_PHASE_STRIP = NO;
				DEBUG_INFORMATION_FORMAT = dwarf;
				ENABLE_STRICT_OBJC_MSGSEND = YES;
				ENABLE_TESTABILITY = YES;
				GCC_C_LANGUAGE_STANDARD = gnu11;
				GCC_DYNAMIC_NO_PIC = NO;
				GCC_NO_COMMON_BLOCKS = YES;
				GCC_OPTIMIZATION_LEVEL = 0;
				GCC_PREPROCESSOR_DEFINITIONS = (
					"DEBUG=1",
					"$(inherited)",
				);
				GCC_WARN_64_TO_32_BIT_CONVERSION = YES;
				GCC_WARN_ABOUT_RETURN_TYPE = YES_ERROR;
				GCC_WARN_UNDECLARED_SELECTOR = YES;
				GCC_WARN_UNINITIALIZED_AUTOS = YES_AGGRESSIVE;
				GCC_WARN_UNUSED_FUNCTION = YES;
				GCC_WARN_UNUSED_VARIABLE = YES;
				IPHONEOS_DEPLOYMENT_TARGET = 16.0;
				MTL_ENABLE_DEBUG_INFO = INCLUDE_SOURCE;
				MTL_FAST_MATH = YES;
				ONLY_ACTIVE_ARCH = YES;
				SDKROOT = iphoneos;
				SWIFT_ACTIVE_COMPILATION_CONDITIONS = DEBUG;
				SWIFT_OPTIMIZATION_LEVEL = "-Onone";
			};
			name = Debug;
		};
		CA2661122AF04AE2004C2F27 /* Release */ = {
			isa = XCBuildConfiguration;
			buildSettings = {
				ALWAYS_SEARCH_USER_PATHS = NO;
				CLANG_ANALYZER_NONNULL = YES;
				CLANG_ANALYZER_NUMBER_OBJECT_CONVERSION = YES_AGGRESSIVE;
				CLANG_CXX_LANGUAGE_STANDARD = "gnu++20";
				CLANG_ENABLE_MODULES = YES;
				CLANG_ENABLE_OBJC_ARC = YES;
				CLANG_ENABLE_OBJC_WEAK = YES;
				CLANG_WARN_BLOCK_CAPTURE_AUTORELEASING = YES;
				CLANG_WARN_BOOL_CONVERSION = YES;
				CLANG_WARN_COMMA = YES;
				CLANG_WARN_CONSTANT_CONVERSION = YES;
				CLANG_WARN_DEPRECATED_OBJC_IMPLEMENTATIONS = YES;
				CLANG_WARN_DIRECT_OBJC_ISA_USAGE = YES_ERROR;
				CLANG_WARN_DOCUMENTATION_COMMENTS = YES;
				CLANG_WARN_EMPTY_BODY = YES;
				CLANG_WARN_ENUM_CONVERSION = YES;
				CLANG_WARN_INFINITE_RECURSION = YES;
				CLANG_WARN_INT_CONVERSION = YES;
				CLANG_WARN_NON_LITERAL_NULL_CONVERSION = YES;
				CLANG_WARN_OBJC_IMPLICIT_RETAIN_SELF = YES;
				CLANG_WARN_OBJC_LITERAL_CONVERSION = YES;
				CLANG_WARN_OBJC_ROOT_CLASS = YES_ERROR;
				CLANG_WARN_QUOTED_INCLUDE_IN_FRAMEWORK_HEADER = YES;
				CLANG_WARN_RANGE_LOOP_ANALYSIS = YES;
				CLANG_WARN_STRICT_PROTOTYPES = YES;
				CLANG_WARN_SUSPICIOUS_MOVE = YES;
				CLANG_WARN_UNGUARDED_AVAILABILITY = YES_AGGRESSIVE;
				CLANG_WARN_UNREACHABLE_CODE = YES;
				CLANG_WARN__DUPLICATE_METHOD_MATCH = YES;
				COPY_PHASE_STRIP = NO;
				DEBUG_INFORMATION_FORMAT = "dwarf-with-dsym";
				ENABLE_NS_ASSERTIONS = NO;
				ENABLE_STRICT_OBJC_MSGSEND = YES;
				GCC_C_LANGUAGE_STANDARD = gnu11;
				GCC_NO_COMMON_BLOCKS = YES;
				GCC_WARN_64_TO_32_BIT_CONVERSION = YES;
				GCC_WARN_ABOUT_RETURN_TYPE = YES_ERROR;
				GCC_WARN_UNDECLARED_SELECTOR = YES;
				GCC_WARN_UNINITIALIZED_AUTOS = YES_AGGRESSIVE;
				GCC_WARN_UNUSED_FUNCTION = YES;
				GCC_WARN_UNUSED_VARIABLE = YES;
				IPHONEOS_DEPLOYMENT_TARGET = 16.0;
				MTL_ENABLE_DEBUG_INFO = NO;
				MTL_FAST_MATH = YES;
				SDKROOT = iphoneos;
				SWIFT_COMPILATION_MODE = wholemodule;
				SWIFT_OPTIMIZATION_LEVEL = "-O";
				VALIDATE_PRODUCT = YES;
			};
			name = Release;
		};
		CA2661142AF04AE2004C2F27 /* Debug */ = {
			isa = XCBuildConfiguration;
			buildSettings = {
				ASSETCATALOG_COMPILER_APPICON_NAME = AppIcon;
				ASSETCATALOG_COMPILER_GLOBAL_ACCENT_COLOR_NAME = AccentColor;
				CODE_SIGN_STYLE = Automatic;
				CURRENT_PROJECT_VERSION = 1;
				GENERATE_INFOPLIST_FILE = YES;
				INFOPLIST_FILE = I_am_poor/Info.plist;
				INFOPLIST_KEY_UIApplicationSupportsIndirectInputEvents = YES;
				INFOPLIST_KEY_UILaunchStoryboardName = LaunchScreen;
				INFOPLIST_KEY_UIMainStoryboardFile = Main;
				INFOPLIST_KEY_UISupportedInterfaceOrientations_iPad = "UIInterfaceOrientationPortrait UIInterfaceOrientationPortraitUpsideDown UIInterfaceOrientationLandscapeLeft UIInterfaceOrientationLandscapeRight";
				INFOPLIST_KEY_UISupportedInterfaceOrientations_iPhone = "UIInterfaceOrientationPortrait UIInterfaceOrientationLandscapeLeft UIInterfaceOrientationLandscapeRight";
				LD_RUNPATH_SEARCH_PATHS = (
					"$(inherited)",
					"@executable_path/Frameworks",
				);
				MARKETING_VERSION = 1.0;
				PRODUCT_BUNDLE_IDENTIFIER = "com.teknochr.I-am-poor";
				PRODUCT_NAME = "$(TARGET_NAME)";
				SWIFT_EMIT_LOC_STRINGS = YES;
				SWIFT_VERSION = 5.0;
				TARGETED_DEVICE_FAMILY = "1,2";
			};
			name = Debug;
		};
		CA2661152AF04AE2004C2F27 /* Release */ = {
			isa = XCBuildConfiguration;
			buildSettings = {
				ASSETCATALOG_COMPILER_APPICON_NAME = AppIcon;
				ASSETCATALOG_COMPILER_GLOBAL_ACCENT_COLOR_NAME = AccentColor;
				CODE_SIGN_STYLE = Automatic;
				CURRENT_PROJECT_VERSION = 1;
				GENERATE_INFOPLIST_FILE = YES;
				INFOPLIST_FILE = I_am_poor/Info.plist;
				INFOPLIST_KEY_UIApplicationSupportsIndirectInputEvents = YES;
				INFOPLIST_KEY_UILaunchStoryboardName = LaunchScreen;
				INFOPLIST_KEY_UIMainStoryboardFile = Main;
				INFOPLIST_KEY_UISupportedInterfaceOrientations_iPad = "UIInterfaceOrientationPortrait UIInterfaceOrientationPortraitUpsideDown UIInterfaceOrientationLandscapeLeft UIInterfaceOrientationLandscapeRight";
				INFOPLIST_KEY_UISupportedInterfaceOrientations_iPhone = "UIInterfaceOrientationPortrait UIInterfaceOrientationLandscapeLeft UIInterfaceOrientationLandscapeRight";
				LD_RUNPATH_SEARCH_PATHS = (
					"$(inherited)",
					"@executable_path/Frameworks",
				);
				MARKETING_VERSION = 1.0;
				PRODUCT_BUNDLE_IDENTIFIER = "com.teknochr.I-am-poor";
				PRODUCT_NAME = "$(TARGET_NAME)";
				SWIFT_EMIT_LOC_STRINGS = YES;
				SWIFT_VERSION = 5.0;
				TARGETED_DEVICE_FAMILY = "1,2";
			};
			name = Release;
		};
		CA2661172AF04AE2004C2F27 /* Debug */ = {
			isa = XCBuildConfiguration;
			buildSettings = {
				ALWAYS_EMBED_SWIFT_STANDARD_LIBRARIES = YES;
				BUNDLE_LOADER = "$(TEST_HOST)";
				CODE_SIGN_STYLE = Automatic;
				CURRENT_PROJECT_VERSION = 1;
				GENERATE_INFOPLIST_FILE = YES;
				IPHONEOS_DEPLOYMENT_TARGET = 16.0;
				MARKETING_VERSION = 1.0;
				PRODUCT_BUNDLE_IDENTIFIER = "com.teknochr.I-am-poorTests";
				PRODUCT_NAME = "$(TARGET_NAME)";
				SWIFT_EMIT_LOC_STRINGS = NO;
				SWIFT_VERSION = 5.0;
				TARGETED_DEVICE_FAMILY = "1,2";
				TEST_HOST = "$(BUILT_PRODUCTS_DIR)/I_am_poor.app/$(BUNDLE_EXECUTABLE_FOLDER_PATH)/I_am_poor";
			};
			name = Debug;
		};
		CA2661182AF04AE2004C2F27 /* Release */ = {
			isa = XCBuildConfiguration;
			buildSettings = {
				ALWAYS_EMBED_SWIFT_STANDARD_LIBRARIES = YES;
				BUNDLE_LOADER = "$(TEST_HOST)";
				CODE_SIGN_STYLE = Automatic;
				CURRENT_PROJECT_VERSION = 1;
				GENERATE_INFOPLIST_FILE = YES;
				IPHONEOS_DEPLOYMENT_TARGET = 16.0;
				MARKETING_VERSION = 1.0;
				PRODUCT_BUNDLE_IDENTIFIER = "com.teknochr.I-am-poorTests";
				PRODUCT_NAME = "$(TARGET_NAME)";
				SWIFT_EMIT_LOC_STRINGS = NO;
				SWIFT_VERSION = 5.0;
				TARGETED_DEVICE_FAMILY = "1,2";
				TEST_HOST = "$(BUILT_PRODUCTS_DIR)/I_am_poor.app/$(BUNDLE_EXECUTABLE_FOLDER_PATH)/I_am_poor";
			};
			name = Release;
		};
		CA26611A2AF04AE2004C2F27 /* Debug */ = {
			isa = XCBuildConfiguration;
			buildSettings = {
				ALWAYS_EMBED_SWIFT_STANDARD_LIBRARIES = YES;
				CODE_SIGN_STYLE = Automatic;
				CURRENT_PROJECT_VERSION = 1;
				GENERATE_INFOPLIST_FILE = YES;
				MARKETING_VERSION = 1.0;
				PRODUCT_BUNDLE_IDENTIFIER = "com.teknochr.I-am-poorUITests";
				PRODUCT_NAME = "$(TARGET_NAME)";
				SWIFT_EMIT_LOC_STRINGS = NO;
				SWIFT_VERSION = 5.0;
				TARGETED_DEVICE_FAMILY = "1,2";
				TEST_TARGET_NAME = I_am_poor;
			};
			name = Debug;
		};
		CA26611B2AF04AE2004C2F27 /* Release */ = {
			isa = XCBuildConfiguration;
			buildSettings = {
				ALWAYS_EMBED_SWIFT_STANDARD_LIBRARIES = YES;
				CODE_SIGN_STYLE = Automatic;
				CURRENT_PROJECT_VERSION = 1;
				GENERATE_INFOPLIST_FILE = YES;
				MARKETING_VERSION = 1.0;
				PRODUCT_BUNDLE_IDENTIFIER = "com.teknochr.I-am-poorUITests";
				PRODUCT_NAME = "$(TARGET_NAME)";
				SWIFT_EMIT_LOC_STRINGS = NO;
				SWIFT_VERSION = 5.0;
				TARGETED_DEVICE_FAMILY = "1,2";
				TEST_TARGET_NAME = I_am_poor;
			};
			name = Release;
		};
/* End XCBuildConfiguration section */

/* Begin XCConfigurationList section */
		CA2660E42AF04ADD004C2F27 /* Build configuration list for PBXProject "I_am_poor" */ = {
			isa = XCConfigurationList;
			buildConfigurations = (
				CA2661112AF04AE2004C2F27 /* Debug */,
				CA2661122AF04AE2004C2F27 /* Release */,
			);
			defaultConfigurationIsVisible = 0;
			defaultConfigurationName = Release;
		};
		CA2661132AF04AE2004C2F27 /* Build configuration list for PBXNativeTarget "I_am_poor" */ = {
			isa = XCConfigurationList;
			buildConfigurations = (
				CA2661142AF04AE2004C2F27 /* Debug */,
				CA2661152AF04AE2004C2F27 /* Release */,
			);
			defaultConfigurationIsVisible = 0;
			defaultConfigurationName = Release;
		};
		CA2661162AF04AE2004C2F27 /* Build configuration list for PBXNativeTarget "I_am_poorTests" */ = {
			isa = XCConfigurationList;
			buildConfigurations = (
				CA2661172AF04AE2004C2F27 /* Debug */,
				CA2661182AF04AE2004C2F27 /* Release */,
			);
			defaultConfigurationIsVisible = 0;
			defaultConfigurationName = Release;
		};
		CA2661192AF04AE2004C2F27 /* Build configuration list for PBXNativeTarget "I_am_poorUITests" */ = {
			isa = XCConfigurationList;
			buildConfigurations = (
				CA26611A2AF04AE2004C2F27 /* Debug */,
				CA26611B2AF04AE2004C2F27 /* Release */,
			);
			defaultConfigurationIsVisible = 0;
			defaultConfigurationName = Release;
		};
/* End XCConfigurationList section */
	};
	rootObject = CA2660E12AF04ADD004C2F27 /* Project object */;
}
